// !$*UTF8*$!
{
	archiveVersion = 1;
	classes = {
	};
	objectVersion = 51;
	objects = {

/* Begin PBXBuildFile section */
		0433C4492347388C0092A73C /* Airport.swift in Sources */ = {isa = PBXBuildFile; fileRef = 0433C4482347388C0092A73C /* Airport.swift */; };
		0433C44B234738B80092A73C /* AirportHelper.swift in Sources */ = {isa = PBXBuildFile; fileRef = 0433C44A234738B80092A73C /* AirportHelper.swift */; };
		0433C45023473D310092A73C /* AirportViewModel.swift in Sources */ = {isa = PBXBuildFile; fileRef = 0433C44F23473D310092A73C /* AirportViewModel.swift */; };
		0433C45423475E360092A73C /* airports.json in Resources */ = {isa = PBXBuildFile; fileRef = 0433C45323475E350092A73C /* airports.json */; };
		043C25FC234727EB007FEDDE /* AppDelegate.swift in Sources */ = {isa = PBXBuildFile; fileRef = 043C25FB234727EB007FEDDE /* AppDelegate.swift */; };
		043C25FE234727EB007FEDDE /* AirportViewController.swift in Sources */ = {isa = PBXBuildFile; fileRef = 043C25FD234727EB007FEDDE /* AirportViewController.swift */; };
		043C2601234727EB007FEDDE /* Main.storyboard in Resources */ = {isa = PBXBuildFile; fileRef = 043C25FF234727EB007FEDDE /* Main.storyboard */; };
		043C2603234727F3007FEDDE /* Assets.xcassets in Resources */ = {isa = PBXBuildFile; fileRef = 043C2602234727F3007FEDDE /* Assets.xcassets */; };
		043C2606234727F3007FEDDE /* LaunchScreen.storyboard in Resources */ = {isa = PBXBuildFile; fileRef = 043C2604234727F3007FEDDE /* LaunchScreen.storyboard */; };
		043C2611234727F3007FEDDE /* AirportFinderTests.swift in Sources */ = {isa = PBXBuildFile; fileRef = 043C2610234727F3007FEDDE /* AirportFinderTests.swift */; };
		046431992347654900FC5EB8 /* AirportHelperSpec.swift in Sources */ = {isa = PBXBuildFile; fileRef = 046431982347654900FC5EB8 /* AirportHelperSpec.swift */; };
		04B5819B2348F95D004D3935 /* AirportList.swift in Sources */ = {isa = PBXBuildFile; fileRef = 04B5819A2348F95D004D3935 /* AirportList.swift */; };
		04B5819D234900CC004D3935 /* ScreenExtension.swift in Sources */ = {isa = PBXBuildFile; fileRef = 04B5819C234900CC004D3935 /* ScreenExtension.swift */; };
		04B581A023490BFD004D3935 /* AirportViewControllerSpec.swift in Sources */ = {isa = PBXBuildFile; fileRef = 04FE5A4C2347C4D50062670E /* AirportViewControllerSpec.swift */; };
		04B581A2234912EE004D3935 /* AirportDetail.swift in Sources */ = {isa = PBXBuildFile; fileRef = 04B581A1234912EE004D3935 /* AirportDetail.swift */; };
		04C4C54323489F710032ED84 /* AirportFinderExtension.swift in Sources */ = {isa = PBXBuildFile; fileRef = 04C4C54223489F710032ED84 /* AirportFinderExtension.swift */; };
		04C4C5452348A0E20032ED84 /* AirportFinderProtocols.swift in Sources */ = {isa = PBXBuildFile; fileRef = 04C4C5442348A0E20032ED84 /* AirportFinderProtocols.swift */; };
		04C4C5472348A2900032ED84 /* AirportFinderConstants.swift in Sources */ = {isa = PBXBuildFile; fileRef = 04C4C5462348A2900032ED84 /* AirportFinderConstants.swift */; };
		04FE5A3F23479BA30062670E /* AirportDetailViewController.swift in Sources */ = {isa = PBXBuildFile; fileRef = 04FE5A3E23479BA30062670E /* AirportDetailViewController.swift */; };
		04FE5A412347B67A0062670E /* AirportViewControllerSpec.swift in Sources */ = {isa = PBXBuildFile; fileRef = 04FE5A402347B67A0062670E /* AirportViewControllerSpec.swift */; };
		04FE5A432347BBF00062670E /* AirportDetailViewControllerSpec.swift in Sources */ = {isa = PBXBuildFile; fileRef = 04FE5A422347BBF00062670E /* AirportDetailViewControllerSpec.swift */; };
		04FE5A452347C3370062670E /* XCUITestCase.swift in Sources */ = {isa = PBXBuildFile; fileRef = 04FE5A442347C3370062670E /* XCUITestCase.swift */; };
		04FE5A472347C39F0062670E /* Screen.swift in Sources */ = {isa = PBXBuildFile; fileRef = 04FE5A462347C39F0062670E /* Screen.swift */; };
		04FE5A492347C3E30062670E /* XCTestCaseExtension.swift in Sources */ = {isa = PBXBuildFile; fileRef = 04FE5A482347C3E30062670E /* XCTestCaseExtension.swift */; };
		04FE5A4B2347C43B0062670E /* TestBuilder.swift in Sources */ = {isa = PBXBuildFile; fileRef = 04FE5A4A2347C43B0062670E /* TestBuilder.swift */; };
		167C94169FFD0202925DF704 /* Pods_AirportFinderUITests.framework in Frameworks */ = {isa = PBXBuildFile; fileRef = FC841C95A8E7F1FC32105ABA /* Pods_AirportFinderUITests.framework */; };
		4D9F5B681AE02164062FF973 /* Pods_AirportFinderTests.framework in Frameworks */ = {isa = PBXBuildFile; fileRef = B77365ABC1A45E75DE917902 /* Pods_AirportFinderTests.framework */; };
		E9F9BA211156A7EE9C778E4C /* Pods_AirportFinder.framework in Frameworks */ = {isa = PBXBuildFile; fileRef = E4D1F463EDE89D85BC1858F1 /* Pods_AirportFinder.framework */; };
/* End PBXBuildFile section */

/* Begin PBXContainerItemProxy section */
		043C260D234727F3007FEDDE /* PBXContainerItemProxy */ = {
			isa = PBXContainerItemProxy;
			containerPortal = 043C25F0234727EB007FEDDE /* Project object */;
			proxyType = 1;
			remoteGlobalIDString = 043C25F7234727EB007FEDDE;
			remoteInfo = AirportFinder;
		};
		043C2618234727F3007FEDDE /* PBXContainerItemProxy */ = {
			isa = PBXContainerItemProxy;
			containerPortal = 043C25F0234727EB007FEDDE /* Project object */;
			proxyType = 1;
			remoteGlobalIDString = 043C25F7234727EB007FEDDE;
			remoteInfo = AirportFinder;
		};
/* End PBXContainerItemProxy section */

/* Begin PBXFileReference section */
		0433C4482347388C0092A73C /* Airport.swift */ = {isa = PBXFileReference; lastKnownFileType = sourcecode.swift; path = Airport.swift; sourceTree = "<group>"; };
		0433C44A234738B80092A73C /* AirportHelper.swift */ = {isa = PBXFileReference; fileEncoding = 4; lastKnownFileType = sourcecode.swift; path = AirportHelper.swift; sourceTree = "<group>"; };
		0433C44F23473D310092A73C /* AirportViewModel.swift */ = {isa = PBXFileReference; lastKnownFileType = sourcecode.swift; path = AirportViewModel.swift; sourceTree = "<group>"; };
		0433C45323475E350092A73C /* airports.json */ = {isa = PBXFileReference; fileEncoding = 4; lastKnownFileType = text.json; path = airports.json; sourceTree = "<group>"; };
		043C25F8234727EB007FEDDE /* AirportFinder.app */ = {isa = PBXFileReference; explicitFileType = wrapper.application; includeInIndex = 0; path = AirportFinder.app; sourceTree = BUILT_PRODUCTS_DIR; };
		043C25FB234727EB007FEDDE /* AppDelegate.swift */ = {isa = PBXFileReference; lastKnownFileType = sourcecode.swift; path = AppDelegate.swift; sourceTree = "<group>"; };
		043C25FD234727EB007FEDDE /* AirportViewController.swift */ = {isa = PBXFileReference; lastKnownFileType = sourcecode.swift; path = AirportViewController.swift; sourceTree = "<group>"; };
		043C2600234727EB007FEDDE /* Base */ = {isa = PBXFileReference; lastKnownFileType = file.storyboard; name = Base; path = Base.lproj/Main.storyboard; sourceTree = "<group>"; };
		043C2602234727F3007FEDDE /* Assets.xcassets */ = {isa = PBXFileReference; lastKnownFileType = folder.assetcatalog; path = Assets.xcassets; sourceTree = "<group>"; };
		043C2605234727F3007FEDDE /* Base */ = {isa = PBXFileReference; lastKnownFileType = file.storyboard; name = Base; path = Base.lproj/LaunchScreen.storyboard; sourceTree = "<group>"; };
		043C2607234727F3007FEDDE /* Info.plist */ = {isa = PBXFileReference; lastKnownFileType = text.plist.xml; path = Info.plist; sourceTree = "<group>"; };
		043C260C234727F3007FEDDE /* AirportFinderTests.xctest */ = {isa = PBXFileReference; explicitFileType = wrapper.cfbundle; includeInIndex = 0; path = AirportFinderTests.xctest; sourceTree = BUILT_PRODUCTS_DIR; };
		043C2610234727F3007FEDDE /* AirportFinderTests.swift */ = {isa = PBXFileReference; lastKnownFileType = sourcecode.swift; path = AirportFinderTests.swift; sourceTree = "<group>"; };
		043C2612234727F3007FEDDE /* Info.plist */ = {isa = PBXFileReference; lastKnownFileType = text.plist.xml; path = Info.plist; sourceTree = "<group>"; };
		043C2617234727F3007FEDDE /* AirportFinderUITests.xctest */ = {isa = PBXFileReference; explicitFileType = wrapper.cfbundle; includeInIndex = 0; path = AirportFinderUITests.xctest; sourceTree = BUILT_PRODUCTS_DIR; };
		043C261D234727F3007FEDDE /* Info.plist */ = {isa = PBXFileReference; lastKnownFileType = text.plist.xml; path = Info.plist; sourceTree = "<group>"; };
		046431982347654900FC5EB8 /* AirportHelperSpec.swift */ = {isa = PBXFileReference; lastKnownFileType = sourcecode.swift; path = AirportHelperSpec.swift; sourceTree = "<group>"; };
		046F141640DF77DE318F3AFC /* Pods-AirportFinderTests.debug.xcconfig */ = {isa = PBXFileReference; includeInIndex = 1; lastKnownFileType = text.xcconfig; name = "Pods-AirportFinderTests.debug.xcconfig"; path = "Target Support Files/Pods-AirportFinderTests/Pods-AirportFinderTests.debug.xcconfig"; sourceTree = "<group>"; };
		04B5819A2348F95D004D3935 /* AirportList.swift */ = {isa = PBXFileReference; lastKnownFileType = sourcecode.swift; path = AirportList.swift; sourceTree = "<group>"; };
		04B5819C234900CC004D3935 /* ScreenExtension.swift */ = {isa = PBXFileReference; lastKnownFileType = sourcecode.swift; path = ScreenExtension.swift; sourceTree = "<group>"; };
		04B581A1234912EE004D3935 /* AirportDetail.swift */ = {isa = PBXFileReference; lastKnownFileType = sourcecode.swift; path = AirportDetail.swift; sourceTree = "<group>"; };
		04C4C54223489F710032ED84 /* AirportFinderExtension.swift */ = {isa = PBXFileReference; lastKnownFileType = sourcecode.swift; path = AirportFinderExtension.swift; sourceTree = "<group>"; };
		04C4C5442348A0E20032ED84 /* AirportFinderProtocols.swift */ = {isa = PBXFileReference; lastKnownFileType = sourcecode.swift; path = AirportFinderProtocols.swift; sourceTree = "<group>"; };
		04C4C5462348A2900032ED84 /* AirportFinderConstants.swift */ = {isa = PBXFileReference; lastKnownFileType = sourcecode.swift; path = AirportFinderConstants.swift; sourceTree = "<group>"; };
		04FE5A3E23479BA30062670E /* AirportDetailViewController.swift */ = {isa = PBXFileReference; lastKnownFileType = sourcecode.swift; path = AirportDetailViewController.swift; sourceTree = "<group>"; };
		04FE5A402347B67A0062670E /* AirportViewControllerSpec.swift */ = {isa = PBXFileReference; lastKnownFileType = sourcecode.swift; path = AirportViewControllerSpec.swift; sourceTree = "<group>"; };
		04FE5A422347BBF00062670E /* AirportDetailViewControllerSpec.swift */ = {isa = PBXFileReference; lastKnownFileType = sourcecode.swift; path = AirportDetailViewControllerSpec.swift; sourceTree = "<group>"; };
		04FE5A442347C3370062670E /* XCUITestCase.swift */ = {isa = PBXFileReference; lastKnownFileType = sourcecode.swift; path = XCUITestCase.swift; sourceTree = "<group>"; };
		04FE5A462347C39F0062670E /* Screen.swift */ = {isa = PBXFileReference; lastKnownFileType = sourcecode.swift; path = Screen.swift; sourceTree = "<group>"; };
		04FE5A482347C3E30062670E /* XCTestCaseExtension.swift */ = {isa = PBXFileReference; lastKnownFileType = sourcecode.swift; path = XCTestCaseExtension.swift; sourceTree = "<group>"; };
		04FE5A4A2347C43B0062670E /* TestBuilder.swift */ = {isa = PBXFileReference; lastKnownFileType = sourcecode.swift; path = TestBuilder.swift; sourceTree = "<group>"; };
		04FE5A4C2347C4D50062670E /* AirportViewControllerSpec.swift */ = {isa = PBXFileReference; lastKnownFileType = sourcecode.swift; path = AirportViewControllerSpec.swift; sourceTree = "<group>"; };
		6A45D6C070C15B7604FCF6A7 /* Pods-AirportFinderUITests.release.xcconfig */ = {isa = PBXFileReference; includeInIndex = 1; lastKnownFileType = text.xcconfig; name = "Pods-AirportFinderUITests.release.xcconfig"; path = "Target Support Files/Pods-AirportFinderUITests/Pods-AirportFinderUITests.release.xcconfig"; sourceTree = "<group>"; };
		76B4722E7C120AEE6A0329C7 /* Pods-AirportFinder.debug.xcconfig */ = {isa = PBXFileReference; includeInIndex = 1; lastKnownFileType = text.xcconfig; name = "Pods-AirportFinder.debug.xcconfig"; path = "Target Support Files/Pods-AirportFinder/Pods-AirportFinder.debug.xcconfig"; sourceTree = "<group>"; };
		7EA7A574CE5E8DEF0D3AB10F /* Pods-AirportFinder.release.xcconfig */ = {isa = PBXFileReference; includeInIndex = 1; lastKnownFileType = text.xcconfig; name = "Pods-AirportFinder.release.xcconfig"; path = "Target Support Files/Pods-AirportFinder/Pods-AirportFinder.release.xcconfig"; sourceTree = "<group>"; };
		8E5D8FF166A2327D524C80F0 /* Pods-AirportFinderTests.release.xcconfig */ = {isa = PBXFileReference; includeInIndex = 1; lastKnownFileType = text.xcconfig; name = "Pods-AirportFinderTests.release.xcconfig"; path = "Target Support Files/Pods-AirportFinderTests/Pods-AirportFinderTests.release.xcconfig"; sourceTree = "<group>"; };
		B77365ABC1A45E75DE917902 /* Pods_AirportFinderTests.framework */ = {isa = PBXFileReference; explicitFileType = wrapper.framework; includeInIndex = 0; path = Pods_AirportFinderTests.framework; sourceTree = BUILT_PRODUCTS_DIR; };
		E2F1AF27BC9FB9E578056EE2 /* Pods-AirportFinderUITests.debug.xcconfig */ = {isa = PBXFileReference; includeInIndex = 1; lastKnownFileType = text.xcconfig; name = "Pods-AirportFinderUITests.debug.xcconfig"; path = "Target Support Files/Pods-AirportFinderUITests/Pods-AirportFinderUITests.debug.xcconfig"; sourceTree = "<group>"; };
		E4D1F463EDE89D85BC1858F1 /* Pods_AirportFinder.framework */ = {isa = PBXFileReference; explicitFileType = wrapper.framework; includeInIndex = 0; path = Pods_AirportFinder.framework; sourceTree = BUILT_PRODUCTS_DIR; };
		FC841C95A8E7F1FC32105ABA /* Pods_AirportFinderUITests.framework */ = {isa = PBXFileReference; explicitFileType = wrapper.framework; includeInIndex = 0; path = Pods_AirportFinderUITests.framework; sourceTree = BUILT_PRODUCTS_DIR; };
/* End PBXFileReference section */

/* Begin PBXFrameworksBuildPhase section */
		043C25F5234727EB007FEDDE /* Frameworks */ = {
			isa = PBXFrameworksBuildPhase;
			buildActionMask = 2147483647;
			files = (
				E9F9BA211156A7EE9C778E4C /* Pods_AirportFinder.framework in Frameworks */,
			);
			runOnlyForDeploymentPostprocessing = 0;
		};
		043C2609234727F3007FEDDE /* Frameworks */ = {
			isa = PBXFrameworksBuildPhase;
			buildActionMask = 2147483647;
			files = (
				4D9F5B681AE02164062FF973 /* Pods_AirportFinderTests.framework in Frameworks */,
			);
			runOnlyForDeploymentPostprocessing = 0;
		};
		043C2614234727F3007FEDDE /* Frameworks */ = {
			isa = PBXFrameworksBuildPhase;
			buildActionMask = 2147483647;
			files = (
				167C94169FFD0202925DF704 /* Pods_AirportFinderUITests.framework in Frameworks */,
			);
			runOnlyForDeploymentPostprocessing = 0;
		};
/* End PBXFrameworksBuildPhase section */

/* Begin PBXGroup section */
		0433C4472347386E0092A73C /* Model */ = {
			isa = PBXGroup;
			children = (
				0433C4482347388C0092A73C /* Airport.swift */,
			);
			path = Model;
			sourceTree = "<group>";
		};
		0433C44E23473D190092A73C /* ViewModel */ = {
			isa = PBXGroup;
			children = (
				0433C44F23473D310092A73C /* AirportViewModel.swift */,
			);
			path = ViewModel;
			sourceTree = "<group>";
		};
		043C25EF234727EB007FEDDE = {
			isa = PBXGroup;
			children = (
				043C25FA234727EB007FEDDE /* AirportFinder */,
				043C260F234727F3007FEDDE /* AirportFinderTests */,
				043C261A234727F3007FEDDE /* AirportFinderUITests */,
				043C25F9234727EB007FEDDE /* Products */,
				CDA54E1A57A048381E099722 /* Pods */,
				356D39676EADA656A345D3E7 /* Frameworks */,
			);
			sourceTree = "<group>";
		};
		043C25F9234727EB007FEDDE /* Products */ = {
			isa = PBXGroup;
			children = (
				043C25F8234727EB007FEDDE /* AirportFinder.app */,
				043C260C234727F3007FEDDE /* AirportFinderTests.xctest */,
				043C2617234727F3007FEDDE /* AirportFinderUITests.xctest */,
			);
			name = Products;
			sourceTree = "<group>";
		};
		043C25FA234727EB007FEDDE /* AirportFinder */ = {
			isa = PBXGroup;
			children = (
				04FE5A3C23478B0C0062670E /* Service */,
				0433C44E23473D190092A73C /* ViewModel */,
				0433C4472347386E0092A73C /* Model */,
				043C25FB234727EB007FEDDE /* AppDelegate.swift */,
				043C25FD234727EB007FEDDE /* AirportViewController.swift */,
				04FE5A3E23479BA30062670E /* AirportDetailViewController.swift */,
				043C25FF234727EB007FEDDE /* Main.storyboard */,
				043C2602234727F3007FEDDE /* Assets.xcassets */,
				043C2604234727F3007FEDDE /* LaunchScreen.storyboard */,
				043C2607234727F3007FEDDE /* Info.plist */,
				04C4C54223489F710032ED84 /* AirportFinderExtension.swift */,
				04C4C5442348A0E20032ED84 /* AirportFinderProtocols.swift */,
				04C4C5462348A2900032ED84 /* AirportFinderConstants.swift */,
			);
			path = AirportFinder;
			sourceTree = "<group>";
		};
		043C260F234727F3007FEDDE /* AirportFinderTests */ = {
			isa = PBXGroup;
			children = (
				0433C45323475E350092A73C /* airports.json */,
				043C2610234727F3007FEDDE /* AirportFinderTests.swift */,
				043C2612234727F3007FEDDE /* Info.plist */,
				046431982347654900FC5EB8 /* AirportHelperSpec.swift */,
				04FE5A402347B67A0062670E /* AirportViewControllerSpec.swift */,
				04FE5A422347BBF00062670E /* AirportDetailViewControllerSpec.swift */,
			);
			path = AirportFinderTests;
			sourceTree = "<group>";
		};
		043C261A234727F3007FEDDE /* AirportFinderUITests */ = {
			isa = PBXGroup;
			children = (
				043C261D234727F3007FEDDE /* Info.plist */,
				04FE5A462347C39F0062670E /* Screen.swift */,
				04B5819C234900CC004D3935 /* ScreenExtension.swift */,
				04FE5A4A2347C43B0062670E /* TestBuilder.swift */,
				04FE5A442347C3370062670E /* XCUITestCase.swift */,
				04FE5A482347C3E30062670E /* XCTestCaseExtension.swift */,
				04FE5A4C2347C4D50062670E /* AirportViewControllerSpec.swift */,
				04B5819A2348F95D004D3935 /* AirportList.swift */,
				04B581A1234912EE004D3935 /* AirportDetail.swift */,
			);
			path = AirportFinderUITests;
			sourceTree = "<group>";
		};
		04FE5A3C23478B0C0062670E /* Service */ = {
			isa = PBXGroup;
			children = (
				0433C44A234738B80092A73C /* AirportHelper.swift */,
			);
			path = Service;
			sourceTree = "<group>";
		};
		356D39676EADA656A345D3E7 /* Frameworks */ = {
			isa = PBXGroup;
			children = (
				E4D1F463EDE89D85BC1858F1 /* Pods_AirportFinder.framework */,
				B77365ABC1A45E75DE917902 /* Pods_AirportFinderTests.framework */,
				FC841C95A8E7F1FC32105ABA /* Pods_AirportFinderUITests.framework */,
			);
			name = Frameworks;
			sourceTree = "<group>";
		};
		CDA54E1A57A048381E099722 /* Pods */ = {
			isa = PBXGroup;
			children = (
				76B4722E7C120AEE6A0329C7 /* Pods-AirportFinder.debug.xcconfig */,
				7EA7A574CE5E8DEF0D3AB10F /* Pods-AirportFinder.release.xcconfig */,
				046F141640DF77DE318F3AFC /* Pods-AirportFinderTests.debug.xcconfig */,
				8E5D8FF166A2327D524C80F0 /* Pods-AirportFinderTests.release.xcconfig */,
				E2F1AF27BC9FB9E578056EE2 /* Pods-AirportFinderUITests.debug.xcconfig */,
				6A45D6C070C15B7604FCF6A7 /* Pods-AirportFinderUITests.release.xcconfig */,
			);
			path = Pods;
			sourceTree = "<group>";
		};
/* End PBXGroup section */

/* Begin PBXNativeTarget section */
		043C25F7234727EB007FEDDE /* AirportFinder */ = {
			isa = PBXNativeTarget;
			buildConfigurationList = 043C2620234727F3007FEDDE /* Build configuration list for PBXNativeTarget "AirportFinder" */;
			buildPhases = (
				ED66530ED379B69B97C1002F /* [CP] Check Pods Manifest.lock */,
				043C25F4234727EB007FEDDE /* Sources */,
				043C25F5234727EB007FEDDE /* Frameworks */,
				043C25F6234727EB007FEDDE /* Resources */,
				A9EB346130423B243FE3CF63 /* [CP] Embed Pods Frameworks */,
				0433C44D23473BE10092A73C /* ShellScript */,
			);
			buildRules = (
			);
			dependencies = (
			);
			name = AirportFinder;
			productName = AirportFinder;
			productReference = 043C25F8234727EB007FEDDE /* AirportFinder.app */;
			productType = "com.apple.product-type.application";
		};
		043C260B234727F3007FEDDE /* AirportFinderTests */ = {
			isa = PBXNativeTarget;
			buildConfigurationList = 043C2623234727F3007FEDDE /* Build configuration list for PBXNativeTarget "AirportFinderTests" */;
			buildPhases = (
				C06B5B60B39388CE8A1B6758 /* [CP] Check Pods Manifest.lock */,
				043C2608234727F3007FEDDE /* Sources */,
				043C2609234727F3007FEDDE /* Frameworks */,
				043C260A234727F3007FEDDE /* Resources */,
				8F5C87F6B6AD6DC3462F8D42 /* [CP] Embed Pods Frameworks */,
			);
			buildRules = (
			);
			dependencies = (
				043C260E234727F3007FEDDE /* PBXTargetDependency */,
			);
			name = AirportFinderTests;
			productName = AirportFinderTests;
			productReference = 043C260C234727F3007FEDDE /* AirportFinderTests.xctest */;
			productType = "com.apple.product-type.bundle.unit-test";
		};
		043C2616234727F3007FEDDE /* AirportFinderUITests */ = {
			isa = PBXNativeTarget;
			buildConfigurationList = 043C2626234727F3007FEDDE /* Build configuration list for PBXNativeTarget "AirportFinderUITests" */;
			buildPhases = (
				16411B41F2BEB67349A98259 /* [CP] Check Pods Manifest.lock */,
				043C2613234727F3007FEDDE /* Sources */,
				043C2614234727F3007FEDDE /* Frameworks */,
				043C2615234727F3007FEDDE /* Resources */,
				962C8EAB047AEC50EDB8BEC2 /* [CP] Embed Pods Frameworks */,
			);
			buildRules = (
			);
			dependencies = (
				043C2619234727F3007FEDDE /* PBXTargetDependency */,
			);
			name = AirportFinderUITests;
			productName = AirportFinderUITests;
			productReference = 043C2617234727F3007FEDDE /* AirportFinderUITests.xctest */;
			productType = "com.apple.product-type.bundle.ui-testing";
		};
/* End PBXNativeTarget section */

/* Begin PBXProject section */
		043C25F0234727EB007FEDDE /* Project object */ = {
			isa = PBXProject;
			attributes = {
				LastSwiftUpdateCheck = 1030;
				LastUpgradeCheck = 1030;
				TargetAttributes = {
					043C25F7234727EB007FEDDE = {
						CreatedOnToolsVersion = 10.3;
					};
					043C260B234727F3007FEDDE = {
						CreatedOnToolsVersion = 10.3;
						TestTargetID = 043C25F7234727EB007FEDDE;
					};
					043C2616234727F3007FEDDE = {
						CreatedOnToolsVersion = 10.3;
						TestTargetID = 043C25F7234727EB007FEDDE;
					};
				};
			};
			buildConfigurationList = 043C25F3234727EB007FEDDE /* Build configuration list for PBXProject "AirportFinder" */;
			compatibilityVersion = "Xcode 9.3";
			developmentRegion = en;
			hasScannedForEncodings = 0;
			knownRegions = (
				en,
				Base,
			);
			mainGroup = 043C25EF234727EB007FEDDE;
			productRefGroup = 043C25F9234727EB007FEDDE /* Products */;
			projectDirPath = "";
			projectRoot = "";
			targets = (
				043C25F7234727EB007FEDDE /* AirportFinder */,
				043C260B234727F3007FEDDE /* AirportFinderTests */,
				043C2616234727F3007FEDDE /* AirportFinderUITests */,
			);
		};
/* End PBXProject section */

/* Begin PBXResourcesBuildPhase section */
		043C25F6234727EB007FEDDE /* Resources */ = {
			isa = PBXResourcesBuildPhase;
			buildActionMask = 2147483647;
			files = (
				043C2606234727F3007FEDDE /* LaunchScreen.storyboard in Resources */,
				043C2603234727F3007FEDDE /* Assets.xcassets in Resources */,
				043C2601234727EB007FEDDE /* Main.storyboard in Resources */,
			);
			runOnlyForDeploymentPostprocessing = 0;
		};
		043C260A234727F3007FEDDE /* Resources */ = {
			isa = PBXResourcesBuildPhase;
			buildActionMask = 2147483647;
			files = (
				0433C45423475E360092A73C /* airports.json in Resources */,
			);
			runOnlyForDeploymentPostprocessing = 0;
		};
		043C2615234727F3007FEDDE /* Resources */ = {
			isa = PBXResourcesBuildPhase;
			buildActionMask = 2147483647;
			files = (
			);
			runOnlyForDeploymentPostprocessing = 0;
		};
/* End PBXResourcesBuildPhase section */

/* Begin PBXShellScriptBuildPhase section */
		0433C44D23473BE10092A73C /* ShellScript */ = {
			isa = PBXShellScriptBuildPhase;
			buildActionMask = 2147483647;
			files = (
			);
			inputFileListPaths = (
			);
			inputPaths = (
			);
			outputFileListPaths = (
			);
			outputPaths = (
			);
			runOnlyForDeploymentPostprocessing = 0;
			shellPath = /bin/sh;
			shellScript = "# Type a script or drag a script file from your workspace to insert its path.\n${PODS_ROOT}/SwiftLint/swiftlint\n";
		};
		16411B41F2BEB67349A98259 /* [CP] Check Pods Manifest.lock */ = {
			isa = PBXShellScriptBuildPhase;
			buildActionMask = 2147483647;
			files = (
			);
			inputFileListPaths = (
			);
			inputPaths = (
				"${PODS_PODFILE_DIR_PATH}/Podfile.lock",
				"${PODS_ROOT}/Manifest.lock",
			);
			name = "[CP] Check Pods Manifest.lock";
			outputFileListPaths = (
			);
			outputPaths = (
				"$(DERIVED_FILE_DIR)/Pods-AirportFinderUITests-checkManifestLockResult.txt",
			);
			runOnlyForDeploymentPostprocessing = 0;
			shellPath = /bin/sh;
			shellScript = "diff \"${PODS_PODFILE_DIR_PATH}/Podfile.lock\" \"${PODS_ROOT}/Manifest.lock\" > /dev/null\nif [ $? != 0 ] ; then\n    # print error to STDERR\n    echo \"error: The sandbox is not in sync with the Podfile.lock. Run 'pod install' or update your CocoaPods installation.\" >&2\n    exit 1\nfi\n# This output is used by Xcode 'outputs' to avoid re-running this script phase.\necho \"SUCCESS\" > \"${SCRIPT_OUTPUT_FILE_0}\"\n";
			showEnvVarsInLog = 0;
		};
		8F5C87F6B6AD6DC3462F8D42 /* [CP] Embed Pods Frameworks */ = {
			isa = PBXShellScriptBuildPhase;
			buildActionMask = 2147483647;
			files = (
			);
			inputFileListPaths = (
				"${PODS_ROOT}/Target Support Files/Pods-AirportFinderTests/Pods-AirportFinderTests-frameworks-${CONFIGURATION}-input-files.xcfilelist",
			);
			name = "[CP] Embed Pods Frameworks";
			outputFileListPaths = (
				"${PODS_ROOT}/Target Support Files/Pods-AirportFinderTests/Pods-AirportFinderTests-frameworks-${CONFIGURATION}-output-files.xcfilelist",
			);
			runOnlyForDeploymentPostprocessing = 0;
			shellPath = /bin/sh;
			shellScript = "\"${PODS_ROOT}/Target Support Files/Pods-AirportFinderTests/Pods-AirportFinderTests-frameworks.sh\"\n";
			showEnvVarsInLog = 0;
		};
		962C8EAB047AEC50EDB8BEC2 /* [CP] Embed Pods Frameworks */ = {
			isa = PBXShellScriptBuildPhase;
			buildActionMask = 2147483647;
			files = (
			);
			inputFileListPaths = (
				"${PODS_ROOT}/Target Support Files/Pods-AirportFinderUITests/Pods-AirportFinderUITests-frameworks-${CONFIGURATION}-input-files.xcfilelist",
			);
			name = "[CP] Embed Pods Frameworks";
			outputFileListPaths = (
				"${PODS_ROOT}/Target Support Files/Pods-AirportFinderUITests/Pods-AirportFinderUITests-frameworks-${CONFIGURATION}-output-files.xcfilelist",
			);
			runOnlyForDeploymentPostprocessing = 0;
			shellPath = /bin/sh;
			shellScript = "\"${PODS_ROOT}/Target Support Files/Pods-AirportFinderUITests/Pods-AirportFinderUITests-frameworks.sh\"\n";
			showEnvVarsInLog = 0;
		};
		A9EB346130423B243FE3CF63 /* [CP] Embed Pods Frameworks */ = {
			isa = PBXShellScriptBuildPhase;
			buildActionMask = 2147483647;
			files = (
			);
			inputFileListPaths = (
				"${PODS_ROOT}/Target Support Files/Pods-AirportFinder/Pods-AirportFinder-frameworks-${CONFIGURATION}-input-files.xcfilelist",
			);
			name = "[CP] Embed Pods Frameworks";
			outputFileListPaths = (
				"${PODS_ROOT}/Target Support Files/Pods-AirportFinder/Pods-AirportFinder-frameworks-${CONFIGURATION}-output-files.xcfilelist",
			);
			runOnlyForDeploymentPostprocessing = 0;
			shellPath = /bin/sh;
			shellScript = "\"${PODS_ROOT}/Target Support Files/Pods-AirportFinder/Pods-AirportFinder-frameworks.sh\"\n";
			showEnvVarsInLog = 0;
		};
		C06B5B60B39388CE8A1B6758 /* [CP] Check Pods Manifest.lock */ = {
			isa = PBXShellScriptBuildPhase;
			buildActionMask = 2147483647;
			files = (
			);
			inputFileListPaths = (
			);
			inputPaths = (
				"${PODS_PODFILE_DIR_PATH}/Podfile.lock",
				"${PODS_ROOT}/Manifest.lock",
			);
			name = "[CP] Check Pods Manifest.lock";
			outputFileListPaths = (
			);
			outputPaths = (
				"$(DERIVED_FILE_DIR)/Pods-AirportFinderTests-checkManifestLockResult.txt",
			);
			runOnlyForDeploymentPostprocessing = 0;
			shellPath = /bin/sh;
			shellScript = "diff \"${PODS_PODFILE_DIR_PATH}/Podfile.lock\" \"${PODS_ROOT}/Manifest.lock\" > /dev/null\nif [ $? != 0 ] ; then\n    # print error to STDERR\n    echo \"error: The sandbox is not in sync with the Podfile.lock. Run 'pod install' or update your CocoaPods installation.\" >&2\n    exit 1\nfi\n# This output is used by Xcode 'outputs' to avoid re-running this script phase.\necho \"SUCCESS\" > \"${SCRIPT_OUTPUT_FILE_0}\"\n";
			showEnvVarsInLog = 0;
		};
		ED66530ED379B69B97C1002F /* [CP] Check Pods Manifest.lock */ = {
			isa = PBXShellScriptBuildPhase;
			buildActionMask = 2147483647;
			files = (
			);
			inputFileListPaths = (
			);
			inputPaths = (
				"${PODS_PODFILE_DIR_PATH}/Podfile.lock",
				"${PODS_ROOT}/Manifest.lock",
			);
			name = "[CP] Check Pods Manifest.lock";
			outputFileListPaths = (
			);
			outputPaths = (
				"$(DERIVED_FILE_DIR)/Pods-AirportFinder-checkManifestLockResult.txt",
			);
			runOnlyForDeploymentPostprocessing = 0;
			shellPath = /bin/sh;
			shellScript = "diff \"${PODS_PODFILE_DIR_PATH}/Podfile.lock\" \"${PODS_ROOT}/Manifest.lock\" > /dev/null\nif [ $? != 0 ] ; then\n    # print error to STDERR\n    echo \"error: The sandbox is not in sync with the Podfile.lock. Run 'pod install' or update your CocoaPods installation.\" >&2\n    exit 1\nfi\n# This output is used by Xcode 'outputs' to avoid re-running this script phase.\necho \"SUCCESS\" > \"${SCRIPT_OUTPUT_FILE_0}\"\n";
			showEnvVarsInLog = 0;
		};
/* End PBXShellScriptBuildPhase section */

/* Begin PBXSourcesBuildPhase section */
		043C25F4234727EB007FEDDE /* Sources */ = {
			isa = PBXSourcesBuildPhase;
			buildActionMask = 2147483647;
			files = (
				0433C4492347388C0092A73C /* Airport.swift in Sources */,
				043C25FE234727EB007FEDDE /* AirportViewController.swift in Sources */,
				0433C45023473D310092A73C /* AirportViewModel.swift in Sources */,
				04C4C5472348A2900032ED84 /* AirportFinderConstants.swift in Sources */,
				043C25FC234727EB007FEDDE /* AppDelegate.swift in Sources */,
				0433C44B234738B80092A73C /* AirportHelper.swift in Sources */,
				04C4C5452348A0E20032ED84 /* AirportFinderProtocols.swift in Sources */,
				04FE5A3F23479BA30062670E /* AirportDetailViewController.swift in Sources */,
				04C4C54323489F710032ED84 /* AirportFinderExtension.swift in Sources */,
			);
			runOnlyForDeploymentPostprocessing = 0;
		};
		043C2608234727F3007FEDDE /* Sources */ = {
			isa = PBXSourcesBuildPhase;
			buildActionMask = 2147483647;
			files = (
				046431992347654900FC5EB8 /* AirportHelperSpec.swift in Sources */,
				043C2611234727F3007FEDDE /* AirportFinderTests.swift in Sources */,
				04FE5A432347BBF00062670E /* AirportDetailViewControllerSpec.swift in Sources */,
				04FE5A412347B67A0062670E /* AirportViewControllerSpec.swift in Sources */,
			);
			runOnlyForDeploymentPostprocessing = 0;
		};
		043C2613234727F3007FEDDE /* Sources */ = {
			isa = PBXSourcesBuildPhase;
			buildActionMask = 2147483647;
			files = (
				04B5819B2348F95D004D3935 /* AirportList.swift in Sources */,
				04FE5A492347C3E30062670E /* XCTestCaseExtension.swift in Sources */,
				04B581A2234912EE004D3935 /* AirportDetail.swift in Sources */,
				04FE5A4B2347C43B0062670E /* TestBuilder.swift in Sources */,
				04FE5A452347C3370062670E /* XCUITestCase.swift in Sources */,
				04B5819D234900CC004D3935 /* ScreenExtension.swift in Sources */,
				04B581A023490BFD004D3935 /* AirportViewControllerSpec.swift in Sources */,
				04FE5A472347C39F0062670E /* Screen.swift in Sources */,
			);
			runOnlyForDeploymentPostprocessing = 0;
		};
/* End PBXSourcesBuildPhase section */

/* Begin PBXTargetDependency section */
		043C260E234727F3007FEDDE /* PBXTargetDependency */ = {
			isa = PBXTargetDependency;
			target = 043C25F7234727EB007FEDDE /* AirportFinder */;
			targetProxy = 043C260D234727F3007FEDDE /* PBXContainerItemProxy */;
		};
		043C2619234727F3007FEDDE /* PBXTargetDependency */ = {
			isa = PBXTargetDependency;
			target = 043C25F7234727EB007FEDDE /* AirportFinder */;
			targetProxy = 043C2618234727F3007FEDDE /* PBXContainerItemProxy */;
		};
/* End PBXTargetDependency section */

/* Begin PBXVariantGroup section */
		043C25FF234727EB007FEDDE /* Main.storyboard */ = {
			isa = PBXVariantGroup;
			children = (
				043C2600234727EB007FEDDE /* Base */,
			);
			name = Main.storyboard;
			sourceTree = "<group>";
		};
		043C2604234727F3007FEDDE /* LaunchScreen.storyboard */ = {
			isa = PBXVariantGroup;
			children = (
				043C2605234727F3007FEDDE /* Base */,
			);
			name = LaunchScreen.storyboard;
			sourceTree = "<group>";
		};
/* End PBXVariantGroup section */

/* Begin XCBuildConfiguration section */
		043C261E234727F3007FEDDE /* Debug */ = {
			isa = XCBuildConfiguration;
			buildSettings = {
				ALWAYS_SEARCH_USER_PATHS = NO;
				CLANG_ANALYZER_NONNULL = YES;
				CLANG_ANALYZER_NUMBER_OBJECT_CONVERSION = YES_AGGRESSIVE;
				CLANG_CXX_LANGUAGE_STANDARD = "gnu++14";
				CLANG_CXX_LIBRARY = "libc++";
				CLANG_ENABLE_MODULES = YES;
				CLANG_ENABLE_OBJC_ARC = YES;
				CLANG_ENABLE_OBJC_WEAK = YES;
				CLANG_WARN_BLOCK_CAPTURE_AUTORELEASING = YES;
				CLANG_WARN_BOOL_CONVERSION = YES;
				CLANG_WARN_COMMA = YES;
				CLANG_WARN_CONSTANT_CONVERSION = YES;
				CLANG_WARN_DEPRECATED_OBJC_IMPLEMENTATIONS = YES;
				CLANG_WARN_DIRECT_OBJC_ISA_USAGE = YES_ERROR;
				CLANG_WARN_DOCUMENTATION_COMMENTS = YES;
				CLANG_WARN_EMPTY_BODY = YES;
				CLANG_WARN_ENUM_CONVERSION = YES;
				CLANG_WARN_INFINITE_RECURSION = YES;
				CLANG_WARN_INT_CONVERSION = YES;
				CLANG_WARN_NON_LITERAL_NULL_CONVERSION = YES;
				CLANG_WARN_OBJC_IMPLICIT_RETAIN_SELF = YES;
				CLANG_WARN_OBJC_LITERAL_CONVERSION = YES;
				CLANG_WARN_OBJC_ROOT_CLASS = YES_ERROR;
				CLANG_WARN_RANGE_LOOP_ANALYSIS = YES;
				CLANG_WARN_STRICT_PROTOTYPES = YES;
				CLANG_WARN_SUSPICIOUS_MOVE = YES;
				CLANG_WARN_UNGUARDED_AVAILABILITY = YES_AGGRESSIVE;
				CLANG_WARN_UNREACHABLE_CODE = YES;
				CLANG_WARN__DUPLICATE_METHOD_MATCH = YES;
				CODE_SIGN_IDENTITY = "iPhone Developer";
				COPY_PHASE_STRIP = NO;
				DEBUG_INFORMATION_FORMAT = dwarf;
				ENABLE_STRICT_OBJC_MSGSEND = YES;
				ENABLE_TESTABILITY = YES;
				GCC_C_LANGUAGE_STANDARD = gnu11;
				GCC_DYNAMIC_NO_PIC = NO;
				GCC_NO_COMMON_BLOCKS = YES;
				GCC_OPTIMIZATION_LEVEL = 0;
				GCC_PREPROCESSOR_DEFINITIONS = (
					"DEBUG=1",
					"$(inherited)",
				);
				GCC_WARN_64_TO_32_BIT_CONVERSION = YES;
				GCC_WARN_ABOUT_RETURN_TYPE = YES_ERROR;
				GCC_WARN_UNDECLARED_SELECTOR = YES;
				GCC_WARN_UNINITIALIZED_AUTOS = YES_AGGRESSIVE;
				GCC_WARN_UNUSED_FUNCTION = YES;
				GCC_WARN_UNUSED_VARIABLE = YES;
				IPHONEOS_DEPLOYMENT_TARGET = 12.4;
				MTL_ENABLE_DEBUG_INFO = INCLUDE_SOURCE;
				MTL_FAST_MATH = YES;
				ONLY_ACTIVE_ARCH = YES;
				SDKROOT = iphoneos;
				SWIFT_ACTIVE_COMPILATION_CONDITIONS = DEBUG;
				SWIFT_OPTIMIZATION_LEVEL = "-Onone";
			};
			name = Debug;
		};
		043C261F234727F3007FEDDE /* Release */ = {
			isa = XCBuildConfiguration;
			buildSettings = {
				ALWAYS_SEARCH_USER_PATHS = NO;
				CLANG_ANALYZER_NONNULL = YES;
				CLANG_ANALYZER_NUMBER_OBJECT_CONVERSION = YES_AGGRESSIVE;
				CLANG_CXX_LANGUAGE_STANDARD = "gnu++14";
				CLANG_CXX_LIBRARY = "libc++";
				CLANG_ENABLE_MODULES = YES;
				CLANG_ENABLE_OBJC_ARC = YES;
				CLANG_ENABLE_OBJC_WEAK = YES;
				CLANG_WARN_BLOCK_CAPTURE_AUTORELEASING = YES;
				CLANG_WARN_BOOL_CONVERSION = YES;
				CLANG_WARN_COMMA = YES;
				CLANG_WARN_CONSTANT_CONVERSION = YES;
				CLANG_WARN_DEPRECATED_OBJC_IMPLEMENTATIONS = YES;
				CLANG_WARN_DIRECT_OBJC_ISA_USAGE = YES_ERROR;
				CLANG_WARN_DOCUMENTATION_COMMENTS = YES;
				CLANG_WARN_EMPTY_BODY = YES;
				CLANG_WARN_ENUM_CONVERSION = YES;
				CLANG_WARN_INFINITE_RECURSION = YES;
				CLANG_WARN_INT_CONVERSION = YES;
				CLANG_WARN_NON_LITERAL_NULL_CONVERSION = YES;
				CLANG_WARN_OBJC_IMPLICIT_RETAIN_SELF = YES;
				CLANG_WARN_OBJC_LITERAL_CONVERSION = YES;
				CLANG_WARN_OBJC_ROOT_CLASS = YES_ERROR;
				CLANG_WARN_RANGE_LOOP_ANALYSIS = YES;
				CLANG_WARN_STRICT_PROTOTYPES = YES;
				CLANG_WARN_SUSPICIOUS_MOVE = YES;
				CLANG_WARN_UNGUARDED_AVAILABILITY = YES_AGGRESSIVE;
				CLANG_WARN_UNREACHABLE_CODE = YES;
				CLANG_WARN__DUPLICATE_METHOD_MATCH = YES;
				CODE_SIGN_IDENTITY = "iPhone Developer";
				COPY_PHASE_STRIP = NO;
				DEBUG_INFORMATION_FORMAT = "dwarf-with-dsym";
				ENABLE_NS_ASSERTIONS = NO;
				ENABLE_STRICT_OBJC_MSGSEND = YES;
				GCC_C_LANGUAGE_STANDARD = gnu11;
				GCC_NO_COMMON_BLOCKS = YES;
				GCC_WARN_64_TO_32_BIT_CONVERSION = YES;
				GCC_WARN_ABOUT_RETURN_TYPE = YES_ERROR;
				GCC_WARN_UNDECLARED_SELECTOR = YES;
				GCC_WARN_UNINITIALIZED_AUTOS = YES_AGGRESSIVE;
				GCC_WARN_UNUSED_FUNCTION = YES;
				GCC_WARN_UNUSED_VARIABLE = YES;
				IPHONEOS_DEPLOYMENT_TARGET = 12.4;
				MTL_ENABLE_DEBUG_INFO = NO;
				MTL_FAST_MATH = YES;
				SDKROOT = iphoneos;
				SWIFT_COMPILATION_MODE = wholemodule;
				SWIFT_OPTIMIZATION_LEVEL = "-O";
				VALIDATE_PRODUCT = YES;
			};
			name = Release;
		};
		043C2621234727F3007FEDDE /* Debug */ = {
			isa = XCBuildConfiguration;
			baseConfigurationReference = 76B4722E7C120AEE6A0329C7 /* Pods-AirportFinder.debug.xcconfig */;
			buildSettings = {
				ASSETCATALOG_COMPILER_APPICON_NAME = AppIcon;
				CODE_SIGN_STYLE = Automatic;
				INFOPLIST_FILE = AirportFinder/Info.plist;
				LD_RUNPATH_SEARCH_PATHS = (
					"$(inherited)",
					"@executable_path/Frameworks",
				);
				PRODUCT_BUNDLE_IDENTIFIER = com.assignment.AirportFinder;
				PRODUCT_NAME = "$(TARGET_NAME)";
				SWIFT_VERSION = 5.0;
				TARGETED_DEVICE_FAMILY = "1,2";
			};
			name = Debug;
		};
		043C2622234727F3007FEDDE /* Release */ = {
			isa = XCBuildConfiguration;
			baseConfigurationReference = 7EA7A574CE5E8DEF0D3AB10F /* Pods-AirportFinder.release.xcconfig */;
			buildSettings = {
				ASSETCATALOG_COMPILER_APPICON_NAME = AppIcon;
				CODE_SIGN_STYLE = Automatic;
				INFOPLIST_FILE = AirportFinder/Info.plist;
				LD_RUNPATH_SEARCH_PATHS = (
					"$(inherited)",
					"@executable_path/Frameworks",
				);
				PRODUCT_BUNDLE_IDENTIFIER = com.assignment.AirportFinder;
				PRODUCT_NAME = "$(TARGET_NAME)";
				SWIFT_VERSION = 5.0;
				TARGETED_DEVICE_FAMILY = "1,2";
			};
			name = Release;
		};
		043C2624234727F3007FEDDE /* Debug */ = {
			isa = XCBuildConfiguration;
			baseConfigurationReference = 046F141640DF77DE318F3AFC /* Pods-AirportFinderTests.debug.xcconfig */;
			buildSettings = {
				ALWAYS_EMBED_SWIFT_STANDARD_LIBRARIES = YES;
				BUNDLE_LOADER = "$(TEST_HOST)";
				CODE_SIGN_STYLE = Automatic;
				INFOPLIST_FILE = AirportFinderTests/Info.plist;
				LD_RUNPATH_SEARCH_PATHS = (
					"$(inherited)",
					"@executable_path/Frameworks",
					"@loader_path/Frameworks",
				);
				PRODUCT_BUNDLE_IDENTIFIER = com.assignment.AirportFinderTests;
				PRODUCT_NAME = "$(TARGET_NAME)";
				SWIFT_VERSION = 5.0;
				TARGETED_DEVICE_FAMILY = "1,2";
				TEST_HOST = "$(BUILT_PRODUCTS_DIR)/AirportFinder.app/AirportFinder";
			};
			name = Debug;
		};
		043C2625234727F3007FEDDE /* Release */ = {
			isa = XCBuildConfiguration;
			baseConfigurationReference = 8E5D8FF166A2327D524C80F0 /* Pods-AirportFinderTests.release.xcconfig */;
			buildSettings = {
				ALWAYS_EMBED_SWIFT_STANDARD_LIBRARIES = YES;
				BUNDLE_LOADER = "$(TEST_HOST)";
				CODE_SIGN_STYLE = Automatic;
				INFOPLIST_FILE = AirportFinderTests/Info.plist;
				LD_RUNPATH_SEARCH_PATHS = (
					"$(inherited)",
					"@executable_path/Frameworks",
					"@loader_path/Frameworks",
				);
				PRODUCT_BUNDLE_IDENTIFIER = com.assignment.AirportFinderTests;
				PRODUCT_NAME = "$(TARGET_NAME)";
				SWIFT_VERSION = 5.0;
				TARGETED_DEVICE_FAMILY = "1,2";
				TEST_HOST = "$(BUILT_PRODUCTS_DIR)/AirportFinder.app/AirportFinder";
			};
			name = Release;
		};
		043C2627234727F3007FEDDE /* Debug */ = {
			isa = XCBuildConfiguration;
			baseConfigurationReference = E2F1AF27BC9FB9E578056EE2 /* Pods-AirportFinderUITests.debug.xcconfig */;
			buildSettings = {
				ALWAYS_EMBED_SWIFT_STANDARD_LIBRARIES = YES;
				CODE_SIGN_STYLE = Automatic;
				INFOPLIST_FILE = AirportFinderUITests/Info.plist;
				LD_RUNPATH_SEARCH_PATHS = (
					"$(inherited)",
					"@executable_path/Frameworks",
					"@loader_path/Frameworks",
				);
				PRODUCT_BUNDLE_IDENTIFIER = com.assignment.AirportFinderUITests;
				PRODUCT_NAME = "$(TARGET_NAME)";
				SWIFT_VERSION = 5.0;
				TARGETED_DEVICE_FAMILY = "1,2";
				TEST_TARGET_NAME = AirportFinder;
			};
			name = Debug;
		};
		043C2628234727F3007FEDDE /* Release */ = {
			isa = XCBuildConfiguration;
			baseConfigurationReference = 6A45D6C070C15B7604FCF6A7 /* Pods-AirportFinderUITests.release.xcconfig */;
			buildSettings = {
				ALWAYS_EMBED_SWIFT_STANDARD_LIBRARIES = YES;
				CODE_SIGN_STYLE = Automatic;
				INFOPLIST_FILE = AirportFinderUITests/Info.plist;
				LD_RUNPATH_SEARCH_PATHS = (
					"$(inherited)",
					"@executable_path/Frameworks",
					"@loader_path/Frameworks",
				);
				PRODUCT_BUNDLE_IDENTIFIER = com.assignment.AirportFinderUITests;
				PRODUCT_NAME = "$(TARGET_NAME)";
				SWIFT_VERSION = 5.0;
				TARGETED_DEVICE_FAMILY = "1,2";
				TEST_TARGET_NAME = AirportFinder;
			};
			name = Release;
		};
/* End XCBuildConfiguration section */

/* Begin XCConfigurationList section */
		043C25F3234727EB007FEDDE /* Build configuration list for PBXProject "AirportFinder" */ = {
			isa = XCConfigurationList;
			buildConfigurations = (
				043C261E234727F3007FEDDE /* Debug */,
				043C261F234727F3007FEDDE /* Release */,
			);
			defaultConfigurationIsVisible = 0;
			defaultConfigurationName = Release;
		};
		043C2620234727F3007FEDDE /* Build configuration list for PBXNativeTarget "AirportFinder" */ = {
			isa = XCConfigurationList;
			buildConfigurations = (
				043C2621234727F3007FEDDE /* Debug */,
				043C2622234727F3007FEDDE /* Release */,
			);
			defaultConfigurationIsVisible = 0;
			defaultConfigurationName = Release;
		};
		043C2623234727F3007FEDDE /* Build configuration list for PBXNativeTarget "AirportFinderTests" */ = {
			isa = XCConfigurationList;
			buildConfigurations = (
				043C2624234727F3007FEDDE /* Debug */,
				043C2625234727F3007FEDDE /* Release */,
			);
			defaultConfigurationIsVisible = 0;
			defaultConfigurationName = Release;
		};
		043C2626234727F3007FEDDE /* Build configuration list for PBXNativeTarget "AirportFinderUITests" */ = {
			isa = XCConfigurationList;
			buildConfigurations = (
				043C2627234727F3007FEDDE /* Debug */,
				043C2628234727F3007FEDDE /* Release */,
			);
			defaultConfigurationIsVisible = 0;
			defaultConfigurationName = Release;
		};
/* End XCConfigurationList section */
	};
	rootObject = 043C25F0234727EB007FEDDE /* Project object */;
}
